PODS:
  - IQKeyboardManagerSwift (6.5.9)
  - Kingfisher (7.2.1)
  - ProgressHUD (13.6)

DEPENDENCIES:
  - IQKeyboardManagerSwift
  - Kingfisher
  - ProgressHUD

SPEC REPOS:
  trunk:
    - IQKeyboardManagerSwift
    - Kingfisher
    - ProgressHUD

SPEC CHECKSUMS:
  IQKeyboardManagerSwift: 6e839c575c4aa1078d58a596e41244e77abe918f
  Kingfisher: 7c084bebf7d548c623ad41bcf765fb200efed369
  ProgressHUD: 4bdaa0d2ddf676b23324b199f9facffb5c3a1620

PODFILE CHECKSUM: 44448f7602a0e697ae06cff89fa94fd42fb2fbc1

COCOAPODS: 1.11.2
